
Microsoft Visual Studio Solution File, Format Version 12.00
# Visual Studio Version 17
VisualStudioVersion = 17.4.33122.133
MinimumVisualStudioVersion = 10.0.40219.1
Project("{FAE04EC0-301F-11D3-BF4B-00C04F79EFBC}") = "ShopShoesAPI", "ShopShoesAPI\ShopShoesAPI.csproj", "{62E3BFAC-60D2-41DD-88F6-E7351661BCF9}"
EndProject
Global
	GlobalSection(SolutionConfigurationPlatforms) = preSolution
		Debug|Any CPU = Debug|Any CPU
		Release|Any CPU = Release|Any CPU
	EndGlobalSection
	GlobalSection(ProjectConfigurationPlatforms) = postSolution
		{62E3BFAC-60D2-41DD-88F6-E7351661BCF9}.Debug|Any CPU.ActiveCfg = Debug|Any CPU
		{62E3BFAC-60D2-41DD-88F6-E7351661BCF9}.Debug|Any CPU.Build.0 = Debug|Any CPU
		{62E3BFAC-60D2-41DD-88F6-E7351661BCF9}.Release|Any CPU.ActiveCfg = Release|Any CPU
		{62E3BFAC-60D2-41DD-88F6-E7351661BCF9}.Release|Any CPU.Build.0 = Release|Any CPU
	EndGlobalSection
	GlobalSection(SolutionProperties) = preSolution
		HideSolutionNode = FALSE
	EndGlobalSection
	GlobalSection(ExtensibilityGlobals) = postSolution
		SolutionGuid = {4F7DE8EA-778F-4644-B7E3-F63B4EC5341F}
	EndGlobalSection
EndGlobal
